
Microsoft Visual Studio Solution File, Format Version 12.00
# Visual Studio Version 16
VisualStudioVersion = 16.0.31129.286
MinimumVisualStudioVersion = 10.0.40219.1
Project("{9A19103F-16F7-4668-BE54-9A1E7A4F7556}") = "modelo_core_angular", "modelo_core_angular\modelo_core_angular.csproj", "{8369E9E5-1DC6-4E6B-9E91-525385C4F17B}"
EndProject
Project("{2150E333-8FDC-42A3-9474-1A3956D46DE8}") = "Solution Items", "Solution Items", "{5A185D0F-F587-4307-B922-B7B046B61D5E}"
	ProjectSection(SolutionItems) = preProject
		nuget.config = nuget.config
	EndProjectSection
EndProject
Global
	GlobalSection(SolutionConfigurationPlatforms) = preSolution
		Debug|Any CPU = Debug|Any CPU
		Release|Any CPU = Release|Any CPU
	EndGlobalSection
	GlobalSection(ProjectConfigurationPlatforms) = postSolution
		{8369E9E5-1DC6-4E6B-9E91-525385C4F17B}.Debug|Any CPU.ActiveCfg = Debug|Any CPU
		{8369E9E5-1DC6-4E6B-9E91-525385C4F17B}.Debug|Any CPU.Build.0 = Debug|Any CPU
		{8369E9E5-1DC6-4E6B-9E91-525385C4F17B}.Release|Any CPU.ActiveCfg = Release|Any CPU
		{8369E9E5-1DC6-4E6B-9E91-525385C4F17B}.Release|Any CPU.Build.0 = Release|Any CPU
	EndGlobalSection
	GlobalSection(SolutionProperties) = preSolution
		HideSolutionNode = FALSE
	EndGlobalSection
	GlobalSection(ExtensibilityGlobals) = postSolution
		SolutionGuid = {7C6A00E3-2E08-41E8-AD4F-9F7D0AF93E7E}
	EndGlobalSection
EndGlobal
